
Microsoft Visual Studio Solution File, Format Version 12.00
# Visual Studio Version 17
VisualStudioVersion = 17.8.34309.116
MinimumVisualStudioVersion = 10.0.40219.1
Project("{2150E333-8FDC-42A3-9474-1A3956D46DE8}") = "Test", "Test", "{41C57F41-5558-4364-83C5-DD713B85AF83}"
EndProject
Project("{2150E333-8FDC-42A3-9474-1A3956D46DE8}") = "Presentation", "Presentation", "{C9C600F0-F68C-4CF0-A6EE-FFAE4511F7EA}"
EndProject
Project("{2150E333-8FDC-42A3-9474-1A3956D46DE8}") = "Core", "Core", "{102BE796-363F-4EE1-B270-CCD7C33083AC}"
EndProject
Project("{2150E333-8FDC-42A3-9474-1A3956D46DE8}") = "Infrastructure", "Infrastructure", "{70511E38-9CDD-4E8C-B4A2-FB4B1DB09AE3}"
EndProject
Project("{9A19103F-16F7-4668-BE54-9A1E7A4F7556}") = "Query.Application", "Query\Core\Query.Application\Query.Application.csproj", "{E315BB5A-C700-4543-B58B-A0EEF9B8C168}"
EndProject
Project("{2150E333-8FDC-42A3-9474-1A3956D46DE8}") = "Query", "Query", "{96DEC019-7F94-4231-93CB-1B0C17CD1196}"
EndProject
Project("{2150E333-8FDC-42A3-9474-1A3956D46DE8}") = "Core", "Core", "{94CAE188-0A4F-4CAE-91D6-07E5975D0314}"
EndProject
Project("{2150E333-8FDC-42A3-9474-1A3956D46DE8}") = "Infrastructure", "Infrastructure", "{E065966D-A09D-45A8-8477-CE087BD34AC6}"
EndProject
Project("{2150E333-8FDC-42A3-9474-1A3956D46DE8}") = "Presentation", "Presentation", "{7973F465-8374-4021-8552-E88FEBAB76D0}"
EndProject
Project("{2150E333-8FDC-42A3-9474-1A3956D46DE8}") = "Test", "Test", "{4E7E9817-4A59-487C-BC98-13B9649A5A3D}"
EndProject
Project("{2150E333-8FDC-42A3-9474-1A3956D46DE8}") = "Command", "Command", "{0F3A5786-2E31-43CF-863D-71C39C4DFD98}"
	ProjectSection(SolutionItems) = preProject
		Command\Presentation\OctaApi\Dockerfile = Command\Presentation\OctaApi\Dockerfile
	EndProjectSection
EndProject
Project("{9A19103F-16F7-4668-BE54-9A1E7A4F7556}") = "Query.Api", "Query\Presentation\Query.Api\Query.Api.csproj", "{338111DF-7BD2-43CA-B0DA-0D4B84429C1A}"
EndProject
Project("{9A19103F-16F7-4668-BE54-9A1E7A4F7556}") = "Query.Persistence", "Query\Infrastructure\Query.Persistence\Query.Persistence.csproj", "{9FB404AE-5927-4755-8BDB-E8851CBBA84A}"
EndProject
Project("{9A19103F-16F7-4668-BE54-9A1E7A4F7556}") = "Query.RabbitMQBus", "Query\Infrastructure\Query.RabbitMQBus\Query.RabbitMQBus.csproj", "{0E88A16A-91FC-48B2-8E19-C7E153BB112B}"
EndProject
Project("{9A19103F-16F7-4668-BE54-9A1E7A4F7556}") = "Command.Application", "Command\Core\Application\Command.Application.csproj", "{DC1C3CDE-FFA0-4923-A491-64F0F52A37D3}"
EndProject
Project("{9A19103F-16F7-4668-BE54-9A1E7A4F7556}") = "Command.Domain", "Command\Core\Domain\Command.Domain.csproj", "{CD685E10-B396-4D3F-90C0-4DE360AD89C0}"
EndProject
Project("{9A19103F-16F7-4668-BE54-9A1E7A4F7556}") = "Command.Persistence", "Command\Infrastructure\Persistence\Command.Persistence.csproj", "{600CB309-713E-474C-85A3-A042573A5DE2}"
EndProject
Project("{9A19103F-16F7-4668-BE54-9A1E7A4F7556}") = "Command.RabbitMqBus", "Command\Infrastructure\RabbitMqEventBus\Command.RabbitMqBus.csproj", "{72CFDD4B-C7D5-4032-A750-3FCC44D6D995}"
EndProject
Project("{9A19103F-16F7-4668-BE54-9A1E7A4F7556}") = "Command.Utility", "Command\Infrastructure\Utility\Command.Utility.csproj", "{EC5CE569-C1D8-45B0-9A2B-F92640B69503}"
EndProject
Project("{9A19103F-16F7-4668-BE54-9A1E7A4F7556}") = "Command.Api", "Command\Presentation\OctaApi\Command.Api.csproj", "{1FCB63D0-C5ED-4AE1-B9B2-2E163E15B910}"
EndProject
Project("{2150E333-8FDC-42A3-9474-1A3956D46DE8}") = "Solution Items", "Solution Items", "{58C01C2E-A47D-45DF-883B-2AAD5457A61D}"
EndProject
Project("{9A19103F-16F7-4668-BE54-9A1E7A4F7556}") = "Query.RedisDistributedCache", "Query\Infrastructure\Query.ReddisDistributedCache\Query.RedisDistributedCache.csproj", "{FF6522DF-840D-4C31-8A4B-007B5E03CBDE}"
EndProject
Project("{9A19103F-16F7-4668-BE54-9A1E7A4F7556}") = "Command.Domain.UnitTest", "Command\Test\Command.Domain.Test\Command.Domain.UnitTest\Command.Domain.UnitTest.csproj", "{3BF7F1F4-5AF0-44B0-A103-C92106132CA7}"
EndProject
Global
	GlobalSection(SolutionConfigurationPlatforms) = preSolution
		Debug|Any CPU = Debug|Any CPU
		Release|Any CPU = Release|Any CPU
	EndGlobalSection
	GlobalSection(ProjectConfigurationPlatforms) = postSolution
		{E315BB5A-C700-4543-B58B-A0EEF9B8C168}.Debug|Any CPU.ActiveCfg = Debug|Any CPU
		{E315BB5A-C700-4543-B58B-A0EEF9B8C168}.Debug|Any CPU.Build.0 = Debug|Any CPU
		{E315BB5A-C700-4543-B58B-A0EEF9B8C168}.Release|Any CPU.ActiveCfg = Release|Any CPU
		{E315BB5A-C700-4543-B58B-A0EEF9B8C168}.Release|Any CPU.Build.0 = Release|Any CPU
		{338111DF-7BD2-43CA-B0DA-0D4B84429C1A}.Debug|Any CPU.ActiveCfg = Debug|Any CPU
		{338111DF-7BD2-43CA-B0DA-0D4B84429C1A}.Debug|Any CPU.Build.0 = Debug|Any CPU
		{338111DF-7BD2-43CA-B0DA-0D4B84429C1A}.Release|Any CPU.ActiveCfg = Release|Any CPU
		{338111DF-7BD2-43CA-B0DA-0D4B84429C1A}.Release|Any CPU.Build.0 = Release|Any CPU
		{9FB404AE-5927-4755-8BDB-E8851CBBA84A}.Debug|Any CPU.ActiveCfg = Debug|Any CPU
		{9FB404AE-5927-4755-8BDB-E8851CBBA84A}.Debug|Any CPU.Build.0 = Debug|Any CPU
		{9FB404AE-5927-4755-8BDB-E8851CBBA84A}.Release|Any CPU.ActiveCfg = Release|Any CPU
		{9FB404AE-5927-4755-8BDB-E8851CBBA84A}.Release|Any CPU.Build.0 = Release|Any CPU
		{0E88A16A-91FC-48B2-8E19-C7E153BB112B}.Debug|Any CPU.ActiveCfg = Debug|Any CPU
		{0E88A16A-91FC-48B2-8E19-C7E153BB112B}.Debug|Any CPU.Build.0 = Debug|Any CPU
		{0E88A16A-91FC-48B2-8E19-C7E153BB112B}.Release|Any CPU.ActiveCfg = Release|Any CPU
		{0E88A16A-91FC-48B2-8E19-C7E153BB112B}.Release|Any CPU.Build.0 = Release|Any CPU
		{DC1C3CDE-FFA0-4923-A491-64F0F52A37D3}.Debug|Any CPU.ActiveCfg = Debug|Any CPU
		{DC1C3CDE-FFA0-4923-A491-64F0F52A37D3}.Debug|Any CPU.Build.0 = Debug|Any CPU
		{DC1C3CDE-FFA0-4923-A491-64F0F52A37D3}.Release|Any CPU.ActiveCfg = Release|Any CPU
		{DC1C3CDE-FFA0-4923-A491-64F0F52A37D3}.Release|Any CPU.Build.0 = Release|Any CPU
		{CD685E10-B396-4D3F-90C0-4DE360AD89C0}.Debug|Any CPU.ActiveCfg = Debug|Any CPU
		{CD685E10-B396-4D3F-90C0-4DE360AD89C0}.Debug|Any CPU.Build.0 = Debug|Any CPU
		{CD685E10-B396-4D3F-90C0-4DE360AD89C0}.Release|Any CPU.ActiveCfg = Release|Any CPU
		{CD685E10-B396-4D3F-90C0-4DE360AD89C0}.Release|Any CPU.Build.0 = Release|Any CPU
		{600CB309-713E-474C-85A3-A042573A5DE2}.Debug|Any CPU.ActiveCfg = Debug|Any CPU
		{600CB309-713E-474C-85A3-A042573A5DE2}.Debug|Any CPU.Build.0 = Debug|Any CPU
		{600CB309-713E-474C-85A3-A042573A5DE2}.Release|Any CPU.ActiveCfg = Release|Any CPU
		{600CB309-713E-474C-85A3-A042573A5DE2}.Release|Any CPU.Build.0 = Release|Any CPU
		{72CFDD4B-C7D5-4032-A750-3FCC44D6D995}.Debug|Any CPU.ActiveCfg = Debug|Any CPU
		{72CFDD4B-C7D5-4032-A750-3FCC44D6D995}.Debug|Any CPU.Build.0 = Debug|Any CPU
		{72CFDD4B-C7D5-4032-A750-3FCC44D6D995}.Release|Any CPU.ActiveCfg = Release|Any CPU
		{72CFDD4B-C7D5-4032-A750-3FCC44D6D995}.Release|Any CPU.Build.0 = Release|Any CPU
		{EC5CE569-C1D8-45B0-9A2B-F92640B69503}.Debug|Any CPU.ActiveCfg = Debug|Any CPU
		{EC5CE569-C1D8-45B0-9A2B-F92640B69503}.Debug|Any CPU.Build.0 = Debug|Any CPU
		{EC5CE569-C1D8-45B0-9A2B-F92640B69503}.Release|Any CPU.ActiveCfg = Release|Any CPU
		{EC5CE569-C1D8-45B0-9A2B-F92640B69503}.Release|Any CPU.Build.0 = Release|Any CPU
		{1FCB63D0-C5ED-4AE1-B9B2-2E163E15B910}.Debug|Any CPU.ActiveCfg = Debug|Any CPU
		{1FCB63D0-C5ED-4AE1-B9B2-2E163E15B910}.Debug|Any CPU.Build.0 = Debug|Any CPU
		{1FCB63D0-C5ED-4AE1-B9B2-2E163E15B910}.Release|Any CPU.ActiveCfg = Release|Any CPU
		{1FCB63D0-C5ED-4AE1-B9B2-2E163E15B910}.Release|Any CPU.Build.0 = Release|Any CPU
		{FF6522DF-840D-4C31-8A4B-007B5E03CBDE}.Debug|Any CPU.ActiveCfg = Debug|Any CPU
		{FF6522DF-840D-4C31-8A4B-007B5E03CBDE}.Debug|Any CPU.Build.0 = Debug|Any CPU
		{FF6522DF-840D-4C31-8A4B-007B5E03CBDE}.Release|Any CPU.ActiveCfg = Release|Any CPU
		{FF6522DF-840D-4C31-8A4B-007B5E03CBDE}.Release|Any CPU.Build.0 = Release|Any CPU
		{3BF7F1F4-5AF0-44B0-A103-C92106132CA7}.Debug|Any CPU.ActiveCfg = Debug|Any CPU
		{3BF7F1F4-5AF0-44B0-A103-C92106132CA7}.Debug|Any CPU.Build.0 = Debug|Any CPU
		{3BF7F1F4-5AF0-44B0-A103-C92106132CA7}.Release|Any CPU.ActiveCfg = Release|Any CPU
		{3BF7F1F4-5AF0-44B0-A103-C92106132CA7}.Release|Any CPU.Build.0 = Release|Any CPU
	EndGlobalSection
	GlobalSection(SolutionProperties) = preSolution
		HideSolutionNode = FALSE
	EndGlobalSection
	GlobalSection(NestedProjects) = preSolution
		{41C57F41-5558-4364-83C5-DD713B85AF83} = {0F3A5786-2E31-43CF-863D-71C39C4DFD98}
		{C9C600F0-F68C-4CF0-A6EE-FFAE4511F7EA} = {0F3A5786-2E31-43CF-863D-71C39C4DFD98}
		{102BE796-363F-4EE1-B270-CCD7C33083AC} = {0F3A5786-2E31-43CF-863D-71C39C4DFD98}
		{70511E38-9CDD-4E8C-B4A2-FB4B1DB09AE3} = {0F3A5786-2E31-43CF-863D-71C39C4DFD98}
		{E315BB5A-C700-4543-B58B-A0EEF9B8C168} = {94CAE188-0A4F-4CAE-91D6-07E5975D0314}
		{94CAE188-0A4F-4CAE-91D6-07E5975D0314} = {96DEC019-7F94-4231-93CB-1B0C17CD1196}
		{E065966D-A09D-45A8-8477-CE087BD34AC6} = {96DEC019-7F94-4231-93CB-1B0C17CD1196}
		{7973F465-8374-4021-8552-E88FEBAB76D0} = {96DEC019-7F94-4231-93CB-1B0C17CD1196}
		{4E7E9817-4A59-487C-BC98-13B9649A5A3D} = {96DEC019-7F94-4231-93CB-1B0C17CD1196}
		{338111DF-7BD2-43CA-B0DA-0D4B84429C1A} = {7973F465-8374-4021-8552-E88FEBAB76D0}
		{9FB404AE-5927-4755-8BDB-E8851CBBA84A} = {E065966D-A09D-45A8-8477-CE087BD34AC6}
		{0E88A16A-91FC-48B2-8E19-C7E153BB112B} = {E065966D-A09D-45A8-8477-CE087BD34AC6}
		{DC1C3CDE-FFA0-4923-A491-64F0F52A37D3} = {102BE796-363F-4EE1-B270-CCD7C33083AC}
		{CD685E10-B396-4D3F-90C0-4DE360AD89C0} = {102BE796-363F-4EE1-B270-CCD7C33083AC}
		{600CB309-713E-474C-85A3-A042573A5DE2} = {70511E38-9CDD-4E8C-B4A2-FB4B1DB09AE3}
		{72CFDD4B-C7D5-4032-A750-3FCC44D6D995} = {70511E38-9CDD-4E8C-B4A2-FB4B1DB09AE3}
		{EC5CE569-C1D8-45B0-9A2B-F92640B69503} = {70511E38-9CDD-4E8C-B4A2-FB4B1DB09AE3}
		{1FCB63D0-C5ED-4AE1-B9B2-2E163E15B910} = {C9C600F0-F68C-4CF0-A6EE-FFAE4511F7EA}
		{FF6522DF-840D-4C31-8A4B-007B5E03CBDE} = {E065966D-A09D-45A8-8477-CE087BD34AC6}
		{3BF7F1F4-5AF0-44B0-A103-C92106132CA7} = {41C57F41-5558-4364-83C5-DD713B85AF83}
	EndGlobalSection
	GlobalSection(ExtensibilityGlobals) = postSolution
		SolutionGuid = {79305810-C939-41D0-91BA-DF42E970092B}
	EndGlobalSection
EndGlobal
