
Microsoft Visual Studio Solution File, Format Version 12.00
# Visual Studio Version 17
VisualStudioVersion = 17.8.34309.116
MinimumVisualStudioVersion = 10.0.40219.1
Project("{9A19103F-16F7-4668-BE54-9A1E7A4F7556}") = "OctaApi", "OctaApi\OctaApi.csproj", "{15CE492B-105E-41B2-AFD5-C61AA95EB76B}"
EndProject
Project("{2150E333-8FDC-42A3-9474-1A3956D46DE8}") = "Test", "Test", "{41C57F41-5558-4364-83C5-DD713B85AF83}"
EndProject
Project("{2150E333-8FDC-42A3-9474-1A3956D46DE8}") = "Presentation", "Presentation", "{C9C600F0-F68C-4CF0-A6EE-FFAE4511F7EA}"
EndProject
Project("{2150E333-8FDC-42A3-9474-1A3956D46DE8}") = "Core", "Core", "{102BE796-363F-4EE1-B270-CCD7C33083AC}"
EndProject
Project("{2150E333-8FDC-42A3-9474-1A3956D46DE8}") = "Infrastructure", "Infrastructure", "{70511E38-9CDD-4E8C-B4A2-FB4B1DB09AE3}"
EndProject
Project("{9A19103F-16F7-4668-BE54-9A1E7A4F7556}") = "Application", "Application\Application.csproj", "{E5949943-09E1-4707-8A58-23F3791F5972}"
EndProject
Project("{9A19103F-16F7-4668-BE54-9A1E7A4F7556}") = "Domain", "Domain\Domain.csproj", "{B7427433-0CC0-4C57-B0C9-41655C4FB50F}"
EndProject
Project("{9A19103F-16F7-4668-BE54-9A1E7A4F7556}") = "Persistence", "Persistence\Persistence.csproj", "{2CA76611-972D-46B6-AE5E-BE06FAFC06E1}"
EndProject
Project("{9A19103F-16F7-4668-BE54-9A1E7A4F7556}") = "Utility", "Utility\Utility.csproj", "{E4DA6DD4-8FF7-4C2A-AB96-650EA56F9D44}"
EndProject
Project("{9A19103F-16F7-4668-BE54-9A1E7A4F7556}") = "RabbitMqBus", "RabbitMqEventBus\RabbitMqBus.csproj", "{E044AB92-AA5F-47DF-A036-665C76F3F50D}"
EndProject
Project("{9A19103F-16F7-4668-BE54-9A1E7A4F7556}") = "Query.Application", "Query\Core\Query.Application\Query.Application.csproj", "{E315BB5A-C700-4543-B58B-A0EEF9B8C168}"
EndProject
Project("{2150E333-8FDC-42A3-9474-1A3956D46DE8}") = "Query", "Query", "{96DEC019-7F94-4231-93CB-1B0C17CD1196}"
EndProject
Project("{2150E333-8FDC-42A3-9474-1A3956D46DE8}") = "Core", "Core", "{94CAE188-0A4F-4CAE-91D6-07E5975D0314}"
EndProject
Project("{2150E333-8FDC-42A3-9474-1A3956D46DE8}") = "Infrastructure", "Infrastructure", "{E065966D-A09D-45A8-8477-CE087BD34AC6}"
EndProject
Project("{2150E333-8FDC-42A3-9474-1A3956D46DE8}") = "Presentation", "Presentation", "{7973F465-8374-4021-8552-E88FEBAB76D0}"
EndProject
Project("{2150E333-8FDC-42A3-9474-1A3956D46DE8}") = "Test", "Test", "{4E7E9817-4A59-487C-BC98-13B9649A5A3D}"
EndProject
Project("{2150E333-8FDC-42A3-9474-1A3956D46DE8}") = "Command", "Command", "{0F3A5786-2E31-43CF-863D-71C39C4DFD98}"
EndProject
Project("{9A19103F-16F7-4668-BE54-9A1E7A4F7556}") = "Query.Api", "Query\Presentation\Query.Api\Query.Api.csproj", "{338111DF-7BD2-43CA-B0DA-0D4B84429C1A}"
EndProject
Project("{9A19103F-16F7-4668-BE54-9A1E7A4F7556}") = "Query.Persistence", "Query\Infrastructure\Query.Persistence\Query.Persistence.csproj", "{9FB404AE-5927-4755-8BDB-E8851CBBA84A}"
EndProject
Project("{FAE04EC0-301F-11D3-BF4B-00C04F79EFBC}") = "Query.RabbitMQBus", "Query\Infrastructure\Query.RabbitMQBus\Query.RabbitMQBus.csproj", "{0E88A16A-91FC-48B2-8E19-C7E153BB112B}"
EndProject
Global
	GlobalSection(SolutionConfigurationPlatforms) = preSolution
		Debug|Any CPU = Debug|Any CPU
		Release|Any CPU = Release|Any CPU
	EndGlobalSection
	GlobalSection(ProjectConfigurationPlatforms) = postSolution
		{15CE492B-105E-41B2-AFD5-C61AA95EB76B}.Debug|Any CPU.ActiveCfg = Debug|Any CPU
		{15CE492B-105E-41B2-AFD5-C61AA95EB76B}.Debug|Any CPU.Build.0 = Debug|Any CPU
		{15CE492B-105E-41B2-AFD5-C61AA95EB76B}.Release|Any CPU.ActiveCfg = Release|Any CPU
		{15CE492B-105E-41B2-AFD5-C61AA95EB76B}.Release|Any CPU.Build.0 = Release|Any CPU
		{E5949943-09E1-4707-8A58-23F3791F5972}.Debug|Any CPU.ActiveCfg = Debug|Any CPU
		{E5949943-09E1-4707-8A58-23F3791F5972}.Debug|Any CPU.Build.0 = Debug|Any CPU
		{E5949943-09E1-4707-8A58-23F3791F5972}.Release|Any CPU.ActiveCfg = Release|Any CPU
		{E5949943-09E1-4707-8A58-23F3791F5972}.Release|Any CPU.Build.0 = Release|Any CPU
		{B7427433-0CC0-4C57-B0C9-41655C4FB50F}.Debug|Any CPU.ActiveCfg = Debug|Any CPU
		{B7427433-0CC0-4C57-B0C9-41655C4FB50F}.Debug|Any CPU.Build.0 = Debug|Any CPU
		{B7427433-0CC0-4C57-B0C9-41655C4FB50F}.Release|Any CPU.ActiveCfg = Release|Any CPU
		{B7427433-0CC0-4C57-B0C9-41655C4FB50F}.Release|Any CPU.Build.0 = Release|Any CPU
		{2CA76611-972D-46B6-AE5E-BE06FAFC06E1}.Debug|Any CPU.ActiveCfg = Debug|Any CPU
		{2CA76611-972D-46B6-AE5E-BE06FAFC06E1}.Debug|Any CPU.Build.0 = Debug|Any CPU
		{2CA76611-972D-46B6-AE5E-BE06FAFC06E1}.Release|Any CPU.ActiveCfg = Release|Any CPU
		{2CA76611-972D-46B6-AE5E-BE06FAFC06E1}.Release|Any CPU.Build.0 = Release|Any CPU
		{E4DA6DD4-8FF7-4C2A-AB96-650EA56F9D44}.Debug|Any CPU.ActiveCfg = Debug|Any CPU
		{E4DA6DD4-8FF7-4C2A-AB96-650EA56F9D44}.Debug|Any CPU.Build.0 = Debug|Any CPU
		{E4DA6DD4-8FF7-4C2A-AB96-650EA56F9D44}.Release|Any CPU.ActiveCfg = Release|Any CPU
		{E4DA6DD4-8FF7-4C2A-AB96-650EA56F9D44}.Release|Any CPU.Build.0 = Release|Any CPU
		{E044AB92-AA5F-47DF-A036-665C76F3F50D}.Debug|Any CPU.ActiveCfg = Debug|Any CPU
		{E044AB92-AA5F-47DF-A036-665C76F3F50D}.Debug|Any CPU.Build.0 = Debug|Any CPU
		{E044AB92-AA5F-47DF-A036-665C76F3F50D}.Release|Any CPU.ActiveCfg = Release|Any CPU
		{E044AB92-AA5F-47DF-A036-665C76F3F50D}.Release|Any CPU.Build.0 = Release|Any CPU
		{E315BB5A-C700-4543-B58B-A0EEF9B8C168}.Debug|Any CPU.ActiveCfg = Debug|Any CPU
		{E315BB5A-C700-4543-B58B-A0EEF9B8C168}.Debug|Any CPU.Build.0 = Debug|Any CPU
		{E315BB5A-C700-4543-B58B-A0EEF9B8C168}.Release|Any CPU.ActiveCfg = Release|Any CPU
		{E315BB5A-C700-4543-B58B-A0EEF9B8C168}.Release|Any CPU.Build.0 = Release|Any CPU
		{338111DF-7BD2-43CA-B0DA-0D4B84429C1A}.Debug|Any CPU.ActiveCfg = Debug|Any CPU
		{338111DF-7BD2-43CA-B0DA-0D4B84429C1A}.Debug|Any CPU.Build.0 = Debug|Any CPU
		{338111DF-7BD2-43CA-B0DA-0D4B84429C1A}.Release|Any CPU.ActiveCfg = Release|Any CPU
		{338111DF-7BD2-43CA-B0DA-0D4B84429C1A}.Release|Any CPU.Build.0 = Release|Any CPU
		{9FB404AE-5927-4755-8BDB-E8851CBBA84A}.Debug|Any CPU.ActiveCfg = Debug|Any CPU
		{9FB404AE-5927-4755-8BDB-E8851CBBA84A}.Debug|Any CPU.Build.0 = Debug|Any CPU
		{9FB404AE-5927-4755-8BDB-E8851CBBA84A}.Release|Any CPU.ActiveCfg = Release|Any CPU
		{9FB404AE-5927-4755-8BDB-E8851CBBA84A}.Release|Any CPU.Build.0 = Release|Any CPU
		{0E88A16A-91FC-48B2-8E19-C7E153BB112B}.Debug|Any CPU.ActiveCfg = Debug|Any CPU
		{0E88A16A-91FC-48B2-8E19-C7E153BB112B}.Debug|Any CPU.Build.0 = Debug|Any CPU
		{0E88A16A-91FC-48B2-8E19-C7E153BB112B}.Release|Any CPU.ActiveCfg = Release|Any CPU
		{0E88A16A-91FC-48B2-8E19-C7E153BB112B}.Release|Any CPU.Build.0 = Release|Any CPU
	EndGlobalSection
	GlobalSection(SolutionProperties) = preSolution
		HideSolutionNode = FALSE
	EndGlobalSection
	GlobalSection(NestedProjects) = preSolution
		{15CE492B-105E-41B2-AFD5-C61AA95EB76B} = {C9C600F0-F68C-4CF0-A6EE-FFAE4511F7EA}
		{41C57F41-5558-4364-83C5-DD713B85AF83} = {0F3A5786-2E31-43CF-863D-71C39C4DFD98}
		{C9C600F0-F68C-4CF0-A6EE-FFAE4511F7EA} = {0F3A5786-2E31-43CF-863D-71C39C4DFD98}
		{102BE796-363F-4EE1-B270-CCD7C33083AC} = {0F3A5786-2E31-43CF-863D-71C39C4DFD98}
		{70511E38-9CDD-4E8C-B4A2-FB4B1DB09AE3} = {0F3A5786-2E31-43CF-863D-71C39C4DFD98}
		{E5949943-09E1-4707-8A58-23F3791F5972} = {102BE796-363F-4EE1-B270-CCD7C33083AC}
		{B7427433-0CC0-4C57-B0C9-41655C4FB50F} = {102BE796-363F-4EE1-B270-CCD7C33083AC}
		{2CA76611-972D-46B6-AE5E-BE06FAFC06E1} = {70511E38-9CDD-4E8C-B4A2-FB4B1DB09AE3}
		{E4DA6DD4-8FF7-4C2A-AB96-650EA56F9D44} = {70511E38-9CDD-4E8C-B4A2-FB4B1DB09AE3}
		{E044AB92-AA5F-47DF-A036-665C76F3F50D} = {70511E38-9CDD-4E8C-B4A2-FB4B1DB09AE3}
		{E315BB5A-C700-4543-B58B-A0EEF9B8C168} = {94CAE188-0A4F-4CAE-91D6-07E5975D0314}
		{94CAE188-0A4F-4CAE-91D6-07E5975D0314} = {96DEC019-7F94-4231-93CB-1B0C17CD1196}
		{E065966D-A09D-45A8-8477-CE087BD34AC6} = {96DEC019-7F94-4231-93CB-1B0C17CD1196}
		{7973F465-8374-4021-8552-E88FEBAB76D0} = {96DEC019-7F94-4231-93CB-1B0C17CD1196}
		{4E7E9817-4A59-487C-BC98-13B9649A5A3D} = {96DEC019-7F94-4231-93CB-1B0C17CD1196}
		{338111DF-7BD2-43CA-B0DA-0D4B84429C1A} = {7973F465-8374-4021-8552-E88FEBAB76D0}
		{9FB404AE-5927-4755-8BDB-E8851CBBA84A} = {E065966D-A09D-45A8-8477-CE087BD34AC6}
		{0E88A16A-91FC-48B2-8E19-C7E153BB112B} = {E065966D-A09D-45A8-8477-CE087BD34AC6}
	EndGlobalSection
	GlobalSection(ExtensibilityGlobals) = postSolution
		SolutionGuid = {79305810-C939-41D0-91BA-DF42E970092B}
	EndGlobalSection
EndGlobal
